
Microsoft Visual Studio Solution File, Format Version 12.00
# Visual Studio Version 16
VisualStudioVersion = 16.0.29209.62
MinimumVisualStudioVersion = 10.0.40219.1
Project("{2150E333-8FDC-42A3-9474-1A3956D46DE8}") = "src", "src", "{684E7D47-EACF-4EDB-978F-93248E6927ED}"
EndProject
Project("{2150E333-8FDC-42A3-9474-1A3956D46DE8}") = "test", "test", "{E3CC6B81-FFEB-4D52-B05A-5C0BA0E3700E}"
EndProject
Project("{9A19103F-16F7-4668-BE54-9A1E7A4F7556}") = "DataStructuresAndAlgorithms", "src\DataStructuresAndAlgorithms\DataStructuresAndAlgorithms.csproj", "{26FD0573-3DE3-439B-8BAF-186A2080DCBC}"
EndProject
Project("{FAE04EC0-301F-11D3-BF4B-00C04F79EFBC}") = "ConsoleApp", "src\ConsoleApp\ConsoleApp.csproj", "{0D99FC7D-E02D-4D42-9BB8-31FABEC01629}"
EndProject
Project("{FAE04EC0-301F-11D3-BF4B-00C04F79EFBC}") = "DataStructuresAndAlgorithms.Test", "test\DataStructuresAndAlgorithms.Test\DataStructuresAndAlgorithms.Test.csproj", "{48240C8A-FD28-4A2B-9B32-3E5E964FE796}"
EndProject
Global
	GlobalSection(SolutionConfigurationPlatforms) = preSolution
		Debug|Any CPU = Debug|Any CPU
		Release|Any CPU = Release|Any CPU
	EndGlobalSection
	GlobalSection(ProjectConfigurationPlatforms) = postSolution
		{26FD0573-3DE3-439B-8BAF-186A2080DCBC}.Debug|Any CPU.ActiveCfg = Debug|Any CPU
		{26FD0573-3DE3-439B-8BAF-186A2080DCBC}.Debug|Any CPU.Build.0 = Debug|Any CPU
		{26FD0573-3DE3-439B-8BAF-186A2080DCBC}.Release|Any CPU.ActiveCfg = Release|Any CPU
		{26FD0573-3DE3-439B-8BAF-186A2080DCBC}.Release|Any CPU.Build.0 = Release|Any CPU
		{0D99FC7D-E02D-4D42-9BB8-31FABEC01629}.Debug|Any CPU.ActiveCfg = Debug|Any CPU
		{0D99FC7D-E02D-4D42-9BB8-31FABEC01629}.Debug|Any CPU.Build.0 = Debug|Any CPU
		{0D99FC7D-E02D-4D42-9BB8-31FABEC01629}.Release|Any CPU.ActiveCfg = Release|Any CPU
		{0D99FC7D-E02D-4D42-9BB8-31FABEC01629}.Release|Any CPU.Build.0 = Release|Any CPU
		{48240C8A-FD28-4A2B-9B32-3E5E964FE796}.Debug|Any CPU.ActiveCfg = Debug|Any CPU
		{48240C8A-FD28-4A2B-9B32-3E5E964FE796}.Debug|Any CPU.Build.0 = Debug|Any CPU
		{48240C8A-FD28-4A2B-9B32-3E5E964FE796}.Release|Any CPU.ActiveCfg = Release|Any CPU
		{48240C8A-FD28-4A2B-9B32-3E5E964FE796}.Release|Any CPU.Build.0 = Release|Any CPU
	EndGlobalSection
	GlobalSection(SolutionProperties) = preSolution
		HideSolutionNode = FALSE
	EndGlobalSection
	GlobalSection(NestedProjects) = preSolution
		{26FD0573-3DE3-439B-8BAF-186A2080DCBC} = {684E7D47-EACF-4EDB-978F-93248E6927ED}
		{0D99FC7D-E02D-4D42-9BB8-31FABEC01629} = {684E7D47-EACF-4EDB-978F-93248E6927ED}
		{48240C8A-FD28-4A2B-9B32-3E5E964FE796} = {E3CC6B81-FFEB-4D52-B05A-5C0BA0E3700E}
	EndGlobalSection
	GlobalSection(ExtensibilityGlobals) = postSolution
		SolutionGuid = {5864459A-B672-459F-B274-8947374294A3}
	EndGlobalSection
EndGlobal
